// !$*UTF8*$!
{
	archiveVersion = 1;
	classes = {
	};
	objectVersion = 56;
	objects = {

/* Begin PBXBuildFile section */
		F0AB1A5C2C891F0700CD2CFD /* BMICalculatorApp.swift in Sources */ = {isa = PBXBuildFile; fileRef = F0AB1A5B2C891F0700CD2CFD /* BMICalculatorApp.swift */; };
		F0AB1A5E2C891F0700CD2CFD /* ContentView.swift in Sources */ = {isa = PBXBuildFile; fileRef = F0AB1A5D2C891F0700CD2CFD /* ContentView.swift */; };
		F0AB1A602C891F0800CD2CFD /* Assets.xcassets in Resources */ = {isa = PBXBuildFile; fileRef = F0AB1A5F2C891F0800CD2CFD /* Assets.xcassets */; };
		F0AB1A632C891F0800CD2CFD /* Preview Assets.xcassets in Resources */ = {isa = PBXBuildFile; fileRef = F0AB1A622C891F0800CD2CFD /* Preview Assets.xcassets */; };
		F0AB1A6B2C89295400CD2CFD /* String+Extensions.swift in Sources */ = {isa = PBXBuildFile; fileRef = F0AB1A6A2C89295400CD2CFD /* String+Extensions.swift */; };
		F0AB1A6D2C892A8D00CD2CFD /* View+Extension.swift in Sources */ = {isa = PBXBuildFile; fileRef = F0AB1A6C2C892A8D00CD2CFD /* View+Extension.swift */; };
		F0BC1D332C8A75740091E728 /* BMICalculatorEndToEndUITestsLaunchTests.swift in Sources */ = {isa = PBXBuildFile; fileRef = F0BC1D322C8A75740091E728 /* BMICalculatorEndToEndUITestsLaunchTests.swift */; };
/* End PBXBuildFile section */

/* Begin PBXContainerItemProxy section */
		F0BC1D342C8A75740091E728 /* PBXContainerItemProxy */ = {
			isa = PBXContainerItemProxy;
			containerPortal = F0AB1A502C891F0600CD2CFD /* Project object */;
			proxyType = 1;
			remoteGlobalIDString = F0AB1A572C891F0600CD2CFD;
			remoteInfo = BMICalculator;
		};
/* End PBXContainerItemProxy section */

/* Begin PBXFileReference section */
		F0AB1A582C891F0700CD2CFD /* BMICalculator.app */ = {isa = PBXFileReference; explicitFileType = wrapper.application; includeInIndex = 0; path = BMICalculator.app; sourceTree = BUILT_PRODUCTS_DIR; };
		F0AB1A5B2C891F0700CD2CFD /* BMICalculatorApp.swift */ = {isa = PBXFileReference; lastKnownFileType = sourcecode.swift; path = BMICalculatorApp.swift; sourceTree = "<group>"; };
		F0AB1A5D2C891F0700CD2CFD /* ContentView.swift */ = {isa = PBXFileReference; lastKnownFileType = sourcecode.swift; path = ContentView.swift; sourceTree = "<group>"; };
		F0AB1A5F2C891F0800CD2CFD /* Assets.xcassets */ = {isa = PBXFileReference; lastKnownFileType = folder.assetcatalog; path = Assets.xcassets; sourceTree = "<group>"; };
		F0AB1A622C891F0800CD2CFD /* Preview Assets.xcassets */ = {isa = PBXFileReference; lastKnownFileType = folder.assetcatalog; path = "Preview Assets.xcassets"; sourceTree = "<group>"; };
		F0AB1A6A2C89295400CD2CFD /* String+Extensions.swift */ = {isa = PBXFileReference; lastKnownFileType = sourcecode.swift; path = "String+Extensions.swift"; sourceTree = "<group>"; };
		F0AB1A6C2C892A8D00CD2CFD /* View+Extension.swift */ = {isa = PBXFileReference; lastKnownFileType = sourcecode.swift; path = "View+Extension.swift"; sourceTree = "<group>"; };
		F0BC1D2E2C8A75740091E728 /* BMICalculatorEndToEndUITests.xctest */ = {isa = PBXFileReference; explicitFileType = wrapper.cfbundle; includeInIndex = 0; path = BMICalculatorEndToEndUITests.xctest; sourceTree = BUILT_PRODUCTS_DIR; };
		F0BC1D322C8A75740091E728 /* BMICalculatorEndToEndUITestsLaunchTests.swift */ = {isa = PBXFileReference; lastKnownFileType = sourcecode.swift; path = BMICalculatorEndToEndUITestsLaunchTests.swift; sourceTree = "<group>"; };
/* End PBXFileReference section */

/* Begin PBXFrameworksBuildPhase section */
		F0AB1A552C891F0600CD2CFD /* Frameworks */ = {
			isa = PBXFrameworksBuildPhase;
			buildActionMask = 2147483647;
			files = (
			);
			runOnlyForDeploymentPostprocessing = 0;
		};
		F0BC1D2B2C8A75740091E728 /* Frameworks */ = {
			isa = PBXFrameworksBuildPhase;
			buildActionMask = 2147483647;
			files = (
			);
			runOnlyForDeploymentPostprocessing = 0;
		};
/* End PBXFrameworksBuildPhase section */

/* Begin PBXGroup section */
		F0AB1A4F2C891F0600CD2CFD = {
			isa = PBXGroup;
			children = (
				F0AB1A5A2C891F0700CD2CFD /* BMICalculator */,
				F0BC1D2F2C8A75740091E728 /* BMICalculatorEndToEndUITests */,
				F0AB1A592C891F0700CD2CFD /* Products */,
			);
			sourceTree = "<group>";
		};
		F0AB1A592C891F0700CD2CFD /* Products */ = {
			isa = PBXGroup;
			children = (
				F0AB1A582C891F0700CD2CFD /* BMICalculator.app */,
				F0BC1D2E2C8A75740091E728 /* BMICalculatorEndToEndUITests.xctest */,
			);
			name = Products;
			sourceTree = "<group>";
		};
		F0AB1A5A2C891F0700CD2CFD /* BMICalculator */ = {
			isa = PBXGroup;
			children = (
				F0AB1A692C89293F00CD2CFD /* Extensions */,
				F0AB1A5B2C891F0700CD2CFD /* BMICalculatorApp.swift */,
				F0AB1A5D2C891F0700CD2CFD /* ContentView.swift */,
				F0AB1A5F2C891F0800CD2CFD /* Assets.xcassets */,
				F0AB1A612C891F0800CD2CFD /* Preview Content */,
			);
			path = BMICalculator;
			sourceTree = "<group>";
		};
		F0AB1A612C891F0800CD2CFD /* Preview Content */ = {
			isa = PBXGroup;
			children = (
				F0AB1A622C891F0800CD2CFD /* Preview Assets.xcassets */,
			);
			path = "Preview Content";
			sourceTree = "<group>";
		};
		F0AB1A692C89293F00CD2CFD /* Extensions */ = {
			isa = PBXGroup;
			children = (
				F0AB1A6A2C89295400CD2CFD /* String+Extensions.swift */,
				F0AB1A6C2C892A8D00CD2CFD /* View+Extension.swift */,
			);
			path = Extensions;
			sourceTree = "<group>";
		};
		F0BC1D2F2C8A75740091E728 /* BMICalculatorEndToEndUITests */ = {
			isa = PBXGroup;
			children = (
				F0BC1D322C8A75740091E728 /* BMICalculatorEndToEndUITestsLaunchTests.swift */,
			);
			path = BMICalculatorEndToEndUITests;
			sourceTree = "<group>";
		};
/* End PBXGroup section */

/* Begin PBXNativeTarget section */
		F0AB1A572C891F0600CD2CFD /* BMICalculator */ = {
			isa = PBXNativeTarget;
			buildConfigurationList = F0AB1A662C891F0800CD2CFD /* Build configuration list for PBXNativeTarget "BMICalculator" */;
			buildPhases = (
				F0AB1A542C891F0600CD2CFD /* Sources */,
				F0AB1A552C891F0600CD2CFD /* Frameworks */,
				F0AB1A562C891F0600CD2CFD /* Resources */,
			);
			buildRules = (
			);
			dependencies = (
			);
			name = BMICalculator;
			productName = BMICalculator;
			productReference = F0AB1A582C891F0700CD2CFD /* BMICalculator.app */;
			productType = "com.apple.product-type.application";
		};
		F0BC1D2D2C8A75740091E728 /* BMICalculatorEndToEndUITests */ = {
			isa = PBXNativeTarget;
			buildConfigurationList = F0BC1D382C8A75740091E728 /* Build configuration list for PBXNativeTarget "BMICalculatorEndToEndUITests" */;
			buildPhases = (
				F0BC1D2A2C8A75740091E728 /* Sources */,
				F0BC1D2B2C8A75740091E728 /* Frameworks */,
				F0BC1D2C2C8A75740091E728 /* Resources */,
			);
			buildRules = (
			);
			dependencies = (
				F0BC1D352C8A75740091E728 /* PBXTargetDependency */,
			);
			name = BMICalculatorEndToEndUITests;
			productName = BMICalculatorEndToEndUITests;
			productReference = F0BC1D2E2C8A75740091E728 /* BMICalculatorEndToEndUITests.xctest */;
			productType = "com.apple.product-type.bundle.ui-testing";
		};
/* End PBXNativeTarget section */

/* Begin PBXProject section */
		F0AB1A502C891F0600CD2CFD /* Project object */ = {
			isa = PBXProject;
			attributes = {
				BuildIndependentTargetsInParallel = 1;
				LastSwiftUpdateCheck = 1540;
				LastUpgradeCheck = 1540;
				TargetAttributes = {
					F0AB1A572C891F0600CD2CFD = {
						CreatedOnToolsVersion = 15.4;
					};
					F0BC1D2D2C8A75740091E728 = {
						CreatedOnToolsVersion = 15.4;
						TestTargetID = F0AB1A572C891F0600CD2CFD;
					};
				};
			};
			buildConfigurationList = F0AB1A532C891F0600CD2CFD /* Build configuration list for PBXProject "BMICalculator" */;
			compatibilityVersion = "Xcode 14.0";
			developmentRegion = en;
			hasScannedForEncodings = 0;
			knownRegions = (
				en,
				Base,
			);
			mainGroup = F0AB1A4F2C891F0600CD2CFD;
			productRefGroup = F0AB1A592C891F0700CD2CFD /* Products */;
			projectDirPath = "";
			projectRoot = "";
			targets = (
				F0AB1A572C891F0600CD2CFD /* BMICalculator */,
				F0BC1D2D2C8A75740091E728 /* BMICalculatorEndToEndUITests */,
			);
		};
/* End PBXProject section */

/* Begin PBXResourcesBuildPhase section */
		F0AB1A562C891F0600CD2CFD /* Resources */ = {
			isa = PBXResourcesBuildPhase;
			buildActionMask = 2147483647;
			files = (
				F0AB1A632C891F0800CD2CFD /* Preview Assets.xcassets in Resources */,
				F0AB1A602C891F0800CD2CFD /* Assets.xcassets in Resources */,
			);
			runOnlyForDeploymentPostprocessing = 0;
		};
		F0BC1D2C2C8A75740091E728 /* Resources */ = {
			isa = PBXResourcesBuildPhase;
			buildActionMask = 2147483647;
			files = (
			);
			runOnlyForDeploymentPostprocessing = 0;
		};
/* End PBXResourcesBuildPhase section */

/* Begin PBXSourcesBuildPhase section */
		F0AB1A542C891F0600CD2CFD /* Sources */ = {
			isa = PBXSourcesBuildPhase;
			buildActionMask = 2147483647;
			files = (
				F0AB1A5E2C891F0700CD2CFD /* ContentView.swift in Sources */,
				F0AB1A6B2C89295400CD2CFD /* String+Extensions.swift in Sources */,
				F0AB1A6D2C892A8D00CD2CFD /* View+Extension.swift in Sources */,
				F0AB1A5C2C891F0700CD2CFD /* BMICalculatorApp.swift in Sources */,
			);
			runOnlyForDeploymentPostprocessing = 0;
		};
		F0BC1D2A2C8A75740091E728 /* Sources */ = {
			isa = PBXSourcesBuildPhase;
			buildActionMask = 2147483647;
			files = (
				F0BC1D332C8A75740091E728 /* BMICalculatorEndToEndUITestsLaunchTests.swift in Sources */,
			);
			runOnlyForDeploymentPostprocessing = 0;
		};
/* End PBXSourcesBuildPhase section */

/* Begin PBXTargetDependency section */
		F0BC1D352C8A75740091E728 /* PBXTargetDependency */ = {
			isa = PBXTargetDependency;
			target = F0AB1A572C891F0600CD2CFD /* BMICalculator */;
			targetProxy = F0BC1D342C8A75740091E728 /* PBXContainerItemProxy */;
		};
/* End PBXTargetDependency section */

/* Begin XCBuildConfiguration section */
		F0AB1A642C891F0800CD2CFD /* Debug */ = {
			isa = XCBuildConfiguration;
			buildSettings = {
				ALWAYS_SEARCH_USER_PATHS = NO;
				ASSETCATALOG_COMPILER_GENERATE_SWIFT_ASSET_SYMBOL_EXTENSIONS = YES;
				CLANG_ANALYZER_NONNULL = YES;
				CLANG_ANALYZER_NUMBER_OBJECT_CONVERSION = YES_AGGRESSIVE;
				CLANG_CXX_LANGUAGE_STANDARD = "gnu++20";
				CLANG_ENABLE_MODULES = YES;
				CLANG_ENABLE_OBJC_ARC = YES;
				CLANG_ENABLE_OBJC_WEAK = YES;
				CLANG_WARN_BLOCK_CAPTURE_AUTORELEASING = YES;
				CLANG_WARN_BOOL_CONVERSION = YES;
				CLANG_WARN_COMMA = YES;
				CLANG_WARN_CONSTANT_CONVERSION = YES;
				CLANG_WARN_DEPRECATED_OBJC_IMPLEMENTATIONS = YES;
				CLANG_WARN_DIRECT_OBJC_ISA_USAGE = YES_ERROR;
				CLANG_WARN_DOCUMENTATION_COMMENTS = YES;
				CLANG_WARN_EMPTY_BODY = YES;
				CLANG_WARN_ENUM_CONVERSION = YES;
				CLANG_WARN_INFINITE_RECURSION = YES;
				CLANG_WARN_INT_CONVERSION = YES;
				CLANG_WARN_NON_LITERAL_NULL_CONVERSION = YES;
				CLANG_WARN_OBJC_IMPLICIT_RETAIN_SELF = YES;
				CLANG_WARN_OBJC_LITERAL_CONVERSION = YES;
				CLANG_WARN_OBJC_ROOT_CLASS = YES_ERROR;
				CLANG_WARN_QUOTED_INCLUDE_IN_FRAMEWORK_HEADER = YES;
				CLANG_WARN_RANGE_LOOP_ANALYSIS = YES;
				CLANG_WARN_STRICT_PROTOTYPES = YES;
				CLANG_WARN_SUSPICIOUS_MOVE = YES;
				CLANG_WARN_UNGUARDED_AVAILABILITY = YES_AGGRESSIVE;
				CLANG_WARN_UNREACHABLE_CODE = YES;
				CLANG_WARN__DUPLICATE_METHOD_MATCH = YES;
				COPY_PHASE_STRIP = NO;
				DEBUG_INFORMATION_FORMAT = dwarf;
				ENABLE_STRICT_OBJC_MSGSEND = YES;
				ENABLE_TESTABILITY = YES;
				ENABLE_USER_SCRIPT_SANDBOXING = YES;
				GCC_C_LANGUAGE_STANDARD = gnu17;
				GCC_DYNAMIC_NO_PIC = NO;
				GCC_NO_COMMON_BLOCKS = YES;
				GCC_OPTIMIZATION_LEVEL = 0;
				GCC_PREPROCESSOR_DEFINITIONS = (
					"DEBUG=1",
					"$(inherited)",
				);
				GCC_WARN_64_TO_32_BIT_CONVERSION = YES;
				GCC_WARN_ABOUT_RETURN_TYPE = YES_ERROR;
				GCC_WARN_UNDECLARED_SELECTOR = YES;
				GCC_WARN_UNINITIALIZED_AUTOS = YES_AGGRESSIVE;
				GCC_WARN_UNUSED_FUNCTION = YES;
				GCC_WARN_UNUSED_VARIABLE = YES;
				IPHONEOS_DEPLOYMENT_TARGET = 17.5;
				LOCALIZATION_PREFERS_STRING_CATALOGS = YES;
				MTL_ENABLE_DEBUG_INFO = INCLUDE_SOURCE;
				MTL_FAST_MATH = YES;
				ONLY_ACTIVE_ARCH = YES;
				SDKROOT = iphoneos;
				SWIFT_ACTIVE_COMPILATION_CONDITIONS = "DEBUG $(inherited)";
				SWIFT_OPTIMIZATION_LEVEL = "-Onone";
			};
			name = Debug;
		};
		F0AB1A652C891F0800CD2CFD /* Release */ = {
			isa = XCBuildConfiguration;
			buildSettings = {
				ALWAYS_SEARCH_USER_PATHS = NO;
				ASSETCATALOG_COMPILER_GENERATE_SWIFT_ASSET_SYMBOL_EXTENSIONS = YES;
				CLANG_ANALYZER_NONNULL = YES;
				CLANG_ANALYZER_NUMBER_OBJECT_CONVERSION = YES_AGGRESSIVE;
				CLANG_CXX_LANGUAGE_STANDARD = "gnu++20";
				CLANG_ENABLE_MODULES = YES;
				CLANG_ENABLE_OBJC_ARC = YES;
				CLANG_ENABLE_OBJC_WEAK = YES;
				CLANG_WARN_BLOCK_CAPTURE_AUTORELEASING = YES;
				CLANG_WARN_BOOL_CONVERSION = YES;
				CLANG_WARN_COMMA = YES;
				CLANG_WARN_CONSTANT_CONVERSION = YES;
				CLANG_WARN_DEPRECATED_OBJC_IMPLEMENTATIONS = YES;
				CLANG_WARN_DIRECT_OBJC_ISA_USAGE = YES_ERROR;
				CLANG_WARN_DOCUMENTATION_COMMENTS = YES;
				CLANG_WARN_EMPTY_BODY = YES;
				CLANG_WARN_ENUM_CONVERSION = YES;
				CLANG_WARN_INFINITE_RECURSION = YES;
				CLANG_WARN_INT_CONVERSION = YES;
				CLANG_WARN_NON_LITERAL_NULL_CONVERSION = YES;
				CLANG_WARN_OBJC_IMPLICIT_RETAIN_SELF = YES;
				CLANG_WARN_OBJC_LITERAL_CONVERSION = YES;
				CLANG_WARN_OBJC_ROOT_CLASS = YES_ERROR;
				CLANG_WARN_QUOTED_INCLUDE_IN_FRAMEWORK_HEADER = YES;
				CLANG_WARN_RANGE_LOOP_ANALYSIS = YES;
				CLANG_WARN_STRICT_PROTOTYPES = YES;
				CLANG_WARN_SUSPICIOUS_MOVE = YES;
				CLANG_WARN_UNGUARDED_AVAILABILITY = YES_AGGRESSIVE;
				CLANG_WARN_UNREACHABLE_CODE = YES;
				CLANG_WARN__DUPLICATE_METHOD_MATCH = YES;
				COPY_PHASE_STRIP = NO;
				DEBUG_INFORMATION_FORMAT = "dwarf-with-dsym";
				ENABLE_NS_ASSERTIONS = NO;
				ENABLE_STRICT_OBJC_MSGSEND = YES;
				ENABLE_USER_SCRIPT_SANDBOXING = YES;
				GCC_C_LANGUAGE_STANDARD = gnu17;
				GCC_NO_COMMON_BLOCKS = YES;
				GCC_WARN_64_TO_32_BIT_CONVERSION = YES;
				GCC_WARN_ABOUT_RETURN_TYPE = YES_ERROR;
				GCC_WARN_UNDECLARED_SELECTOR = YES;
				GCC_WARN_UNINITIALIZED_AUTOS = YES_AGGRESSIVE;
				GCC_WARN_UNUSED_FUNCTION = YES;
				GCC_WARN_UNUSED_VARIABLE = YES;
				IPHONEOS_DEPLOYMENT_TARGET = 17.5;
				LOCALIZATION_PREFERS_STRING_CATALOGS = YES;
				MTL_ENABLE_DEBUG_INFO = NO;
				MTL_FAST_MATH = YES;
				SDKROOT = iphoneos;
				SWIFT_COMPILATION_MODE = wholemodule;
				VALIDATE_PRODUCT = YES;
			};
			name = Release;
		};
		F0AB1A672C891F0800CD2CFD /* Debug */ = {
			isa = XCBuildConfiguration;
			buildSettings = {
				ASSETCATALOG_COMPILER_APPICON_NAME = AppIcon;
				ASSETCATALOG_COMPILER_GLOBAL_ACCENT_COLOR_NAME = AccentColor;
				CODE_SIGN_STYLE = Automatic;
				CURRENT_PROJECT_VERSION = 1;
				DEVELOPMENT_ASSET_PATHS = "\"BMICalculator/Preview Content\"";
				DEVELOPMENT_TEAM = LX247DUZL2;
				ENABLE_PREVIEWS = YES;
				GENERATE_INFOPLIST_FILE = YES;
				INFOPLIST_KEY_UIApplicationSceneManifest_Generation = YES;
				INFOPLIST_KEY_UIApplicationSupportsIndirectInputEvents = YES;
				INFOPLIST_KEY_UILaunchScreen_Generation = YES;
				INFOPLIST_KEY_UISupportedInterfaceOrientations_iPad = "UIInterfaceOrientationPortrait UIInterfaceOrientationPortraitUpsideDown UIInterfaceOrientationLandscapeLeft UIInterfaceOrientationLandscapeRight";
				INFOPLIST_KEY_UISupportedInterfaceOrientations_iPhone = "UIInterfaceOrientationPortrait UIInterfaceOrientationLandscapeLeft UIInterfaceOrientationLandscapeRight";
				LD_RUNPATH_SEARCH_PATHS = (
					"$(inherited)",
					"@executable_path/Frameworks",
				);
				MARKETING_VERSION = 1.0;
				PRODUCT_BUNDLE_IDENTIFIER = com.agmapps.BMICalculator;
				PRODUCT_NAME = "$(TARGET_NAME)";
				SWIFT_EMIT_LOC_STRINGS = YES;
				SWIFT_VERSION = 5.0;
				TARGETED_DEVICE_FAMILY = "1,2";
			};
			name = Debug;
		};
		F0AB1A682C891F0800CD2CFD /* Release */ = {
			isa = XCBuildConfiguration;
			buildSettings = {
				ASSETCATALOG_COMPILER_APPICON_NAME = AppIcon;
				ASSETCATALOG_COMPILER_GLOBAL_ACCENT_COLOR_NAME = AccentColor;
				CODE_SIGN_STYLE = Automatic;
				CURRENT_PROJECT_VERSION = 1;
				DEVELOPMENT_ASSET_PATHS = "\"BMICalculator/Preview Content\"";
				DEVELOPMENT_TEAM = LX247DUZL2;
				ENABLE_PREVIEWS = YES;
				GENERATE_INFOPLIST_FILE = YES;
				INFOPLIST_KEY_UIApplicationSceneManifest_Generation = YES;
				INFOPLIST_KEY_UIApplicationSupportsIndirectInputEvents = YES;
				INFOPLIST_KEY_UILaunchScreen_Generation = YES;
				INFOPLIST_KEY_UISupportedInterfaceOrientations_iPad = "UIInterfaceOrientationPortrait UIInterfaceOrientationPortraitUpsideDown UIInterfaceOrientationLandscapeLeft UIInterfaceOrientationLandscapeRight";
				INFOPLIST_KEY_UISupportedInterfaceOrientations_iPhone = "UIInterfaceOrientationPortrait UIInterfaceOrientationLandscapeLeft UIInterfaceOrientationLandscapeRight";
				LD_RUNPATH_SEARCH_PATHS = (
					"$(inherited)",
					"@executable_path/Frameworks",
				);
				MARKETING_VERSION = 1.0;
				PRODUCT_BUNDLE_IDENTIFIER = com.agmapps.BMICalculator;
				PRODUCT_NAME = "$(TARGET_NAME)";
				SWIFT_EMIT_LOC_STRINGS = YES;
				SWIFT_VERSION = 5.0;
				TARGETED_DEVICE_FAMILY = "1,2";
			};
			name = Release;
		};
		F0BC1D362C8A75740091E728 /* Debug */ = {
			isa = XCBuildConfiguration;
			buildSettings = {
				CODE_SIGN_STYLE = Automatic;
				CURRENT_PROJECT_VERSION = 1;
				DEVELOPMENT_TEAM = LX247DUZL2;
				GENERATE_INFOPLIST_FILE = YES;
				MARKETING_VERSION = 1.0;
				PRODUCT_BUNDLE_IDENTIFIER = com.agmapps.BMICalculatorEndToEndUITests;
				PRODUCT_NAME = "$(TARGET_NAME)";
				SWIFT_EMIT_LOC_STRINGS = NO;
				SWIFT_VERSION = 5.0;
				TARGETED_DEVICE_FAMILY = "1,2";
				TEST_TARGET_NAME = BMICalculator;
			};
			name = Debug;
		};
		F0BC1D372C8A75740091E728 /* Release */ = {
			isa = XCBuildConfiguration;
			buildSettings = {
				CODE_SIGN_STYLE = Automatic;
				CURRENT_PROJECT_VERSION = 1;
				DEVELOPMENT_TEAM = LX247DUZL2;
				GENERATE_INFOPLIST_FILE = YES;
				MARKETING_VERSION = 1.0;
				PRODUCT_BUNDLE_IDENTIFIER = com.agmapps.BMICalculatorEndToEndUITests;
				PRODUCT_NAME = "$(TARGET_NAME)";
				SWIFT_EMIT_LOC_STRINGS = NO;
				SWIFT_VERSION = 5.0;
				TARGETED_DEVICE_FAMILY = "1,2";
				TEST_TARGET_NAME = BMICalculator;
			};
			name = Release;
		};
/* End XCBuildConfiguration section */

/* Begin XCConfigurationList section */
		F0AB1A532C891F0600CD2CFD /* Build configuration list for PBXProject "BMICalculator" */ = {
			isa = XCConfigurationList;
			buildConfigurations = (
				F0AB1A642C891F0800CD2CFD /* Debug */,
				F0AB1A652C891F0800CD2CFD /* Release */,
			);
			defaultConfigurationIsVisible = 0;
			defaultConfigurationName = Release;
		};
		F0AB1A662C891F0800CD2CFD /* Build configuration list for PBXNativeTarget "BMICalculator" */ = {
			isa = XCConfigurationList;
			buildConfigurations = (
				F0AB1A672C891F0800CD2CFD /* Debug */,
				F0AB1A682C891F0800CD2CFD /* Release */,
			);
			defaultConfigurationIsVisible = 0;
			defaultConfigurationName = Release;
		};
		F0BC1D382C8A75740091E728 /* Build configuration list for PBXNativeTarget "BMICalculatorEndToEndUITests" */ = {
			isa = XCConfigurationList;
			buildConfigurations = (
				F0BC1D362C8A75740091E728 /* Debug */,
				F0BC1D372C8A75740091E728 /* Release */,
			);
			defaultConfigurationIsVisible = 0;
			defaultConfigurationName = Release;
		};
/* End XCConfigurationList section */
	};
	rootObject = F0AB1A502C891F0600CD2CFD /* Project object */;
}
